
Microsoft Visual Studio Solution File, Format Version 12.00
# Visual Studio Version 17
VisualStudioVersion = 17.13.35931.197
MinimumVisualStudioVersion = 10.0.40219.1
Project("{8BC9CEB8-8B4A-11D0-8D11-00A0C91BC942}") = "클래스 종합실습", "클래스 종합실습\클래스 종합실습.vcxproj", "{B1C1D24D-D248-4D47-B55A-AA608478B6FF}"
EndProject
Project("{8BC9CEB8-8B4A-11D0-8D11-00A0C91BC942}") = "db추가", "db추가\db추가.vcxproj", "{D3754BEF-40D1-4BB4-8008-F6AB422DAF19}"
EndProject
Global
	GlobalSection(SolutionConfigurationPlatforms) = preSolution
		Debug|x64 = Debug|x64
		Debug|x86 = Debug|x86
		Release|x64 = Release|x64
		Release|x86 = Release|x86
	EndGlobalSection
	GlobalSection(ProjectConfigurationPlatforms) = postSolution
		{B1C1D24D-D248-4D47-B55A-AA608478B6FF}.Debug|x64.ActiveCfg = Debug|x64
		{B1C1D24D-D248-4D47-B55A-AA608478B6FF}.Debug|x64.Build.0 = Debug|x64
		{B1C1D24D-D248-4D47-B55A-AA608478B6FF}.Debug|x86.ActiveCfg = Debug|Win32
		{B1C1D24D-D248-4D47-B55A-AA608478B6FF}.Debug|x86.Build.0 = Debug|Win32
		{B1C1D24D-D248-4D47-B55A-AA608478B6FF}.Release|x64.ActiveCfg = Release|x64
		{B1C1D24D-D248-4D47-B55A-AA608478B6FF}.Release|x64.Build.0 = Release|x64
		{B1C1D24D-D248-4D47-B55A-AA608478B6FF}.Release|x86.ActiveCfg = Release|Win32
		{B1C1D24D-D248-4D47-B55A-AA608478B6FF}.Release|x86.Build.0 = Release|Win32
		{D3754BEF-40D1-4BB4-8008-F6AB422DAF19}.Debug|x64.ActiveCfg = Debug|x64
		{D3754BEF-40D1-4BB4-8008-F6AB422DAF19}.Debug|x64.Build.0 = Debug|x64
		{D3754BEF-40D1-4BB4-8008-F6AB422DAF19}.Debug|x86.ActiveCfg = Debug|Win32
		{D3754BEF-40D1-4BB4-8008-F6AB422DAF19}.Debug|x86.Build.0 = Debug|Win32
		{D3754BEF-40D1-4BB4-8008-F6AB422DAF19}.Release|x64.ActiveCfg = Release|x64
		{D3754BEF-40D1-4BB4-8008-F6AB422DAF19}.Release|x64.Build.0 = Release|x64
		{D3754BEF-40D1-4BB4-8008-F6AB422DAF19}.Release|x86.ActiveCfg = Release|Win32
		{D3754BEF-40D1-4BB4-8008-F6AB422DAF19}.Release|x86.Build.0 = Release|Win32
	EndGlobalSection
	GlobalSection(SolutionProperties) = preSolution
		HideSolutionNode = FALSE
	EndGlobalSection
	GlobalSection(ExtensibilityGlobals) = postSolution
		SolutionGuid = {AFE2924D-9AC4-489A-9650-209572218E18}
	EndGlobalSection
EndGlobal
